
Microsoft Visual Studio Solution File, Format Version 12.00
# Visual Studio Version 17
VisualStudioVersion = 17.3.32901.215
MinimumVisualStudioVersion = 10.0.40219.1
Project("{8BC9CEB8-8B4A-11D0-8D11-00A0C91BC942}") = "the_offers_13", "the_offers_13.vcxproj", "{F175B83C-2304-416D-BEB6-79632E2E977B}"
EndProject
Global
	GlobalSection(SolutionConfigurationPlatforms) = preSolution
		Debug|x64 = Debug|x64
		Debug|x86 = Debug|x86
		Release|x64 = Release|x64
		Release|x86 = Release|x86
	EndGlobalSection
	GlobalSection(ProjectConfigurationPlatforms) = postSolution
		{F175B83C-2304-416D-BEB6-79632E2E977B}.Debug|x64.ActiveCfg = Debug|x64
		{F175B83C-2304-416D-BEB6-79632E2E977B}.Debug|x64.Build.0 = Debug|x64
		{F175B83C-2304-416D-BEB6-79632E2E977B}.Debug|x86.ActiveCfg = Debug|Win32
		{F175B83C-2304-416D-BEB6-79632E2E977B}.Debug|x86.Build.0 = Debug|Win32
		{F175B83C-2304-416D-BEB6-79632E2E977B}.Release|x64.ActiveCfg = Release|x64
		{F175B83C-2304-416D-BEB6-79632E2E977B}.Release|x64.Build.0 = Release|x64
		{F175B83C-2304-416D-BEB6-79632E2E977B}.Release|x86.ActiveCfg = Release|Win32
		{F175B83C-2304-416D-BEB6-79632E2E977B}.Release|x86.Build.0 = Release|Win32
	EndGlobalSection
	GlobalSection(SolutionProperties) = preSolution
		HideSolutionNode = FALSE
	EndGlobalSection
	GlobalSection(ExtensibilityGlobals) = postSolution
		SolutionGuid = {8241D56B-A927-445F-96E2-3B5313ABE357}
	EndGlobalSection
EndGlobal
