
Microsoft Visual Studio Solution File, Format Version 12.00
# Visual Studio Version 17
VisualStudioVersion = 17.3.32901.215
MinimumVisualStudioVersion = 10.0.40219.1
Project("{8BC9CEB8-8B4A-11D0-8D11-00A0C91BC942}") = "the_offers_14", "the_offers_14.vcxproj", "{D0D72008-9696-4CF9-94AE-05E7D6DF3BDA}"
EndProject
Global
	GlobalSection(SolutionConfigurationPlatforms) = preSolution
		Debug|x64 = Debug|x64
		Debug|x86 = Debug|x86
		Release|x64 = Release|x64
		Release|x86 = Release|x86
	EndGlobalSection
	GlobalSection(ProjectConfigurationPlatforms) = postSolution
		{D0D72008-9696-4CF9-94AE-05E7D6DF3BDA}.Debug|x64.ActiveCfg = Debug|x64
		{D0D72008-9696-4CF9-94AE-05E7D6DF3BDA}.Debug|x64.Build.0 = Debug|x64
		{D0D72008-9696-4CF9-94AE-05E7D6DF3BDA}.Debug|x86.ActiveCfg = Debug|Win32
		{D0D72008-9696-4CF9-94AE-05E7D6DF3BDA}.Debug|x86.Build.0 = Debug|Win32
		{D0D72008-9696-4CF9-94AE-05E7D6DF3BDA}.Release|x64.ActiveCfg = Release|x64
		{D0D72008-9696-4CF9-94AE-05E7D6DF3BDA}.Release|x64.Build.0 = Release|x64
		{D0D72008-9696-4CF9-94AE-05E7D6DF3BDA}.Release|x86.ActiveCfg = Release|Win32
		{D0D72008-9696-4CF9-94AE-05E7D6DF3BDA}.Release|x86.Build.0 = Release|Win32
	EndGlobalSection
	GlobalSection(SolutionProperties) = preSolution
		HideSolutionNode = FALSE
	EndGlobalSection
	GlobalSection(ExtensibilityGlobals) = postSolution
		SolutionGuid = {3E092869-D9E0-4B20-AE41-8497300916F0}
	EndGlobalSection
EndGlobal
